
Microsoft Visual Studio Solution File, Format Version 12.00
# Visual Studio Version 17
VisualStudioVersion = 17.5.33627.172
MinimumVisualStudioVersion = 10.0.40219.1
Project("{FAE04EC0-301F-11D3-BF4B-00C04F79EFBC}") = "Contatos", "Contatos\Contatos.csproj", "{4D8BA2D1-04AB-4A5B-932D-78395C90C1AC}"
EndProject
Global
	GlobalSection(SolutionConfigurationPlatforms) = preSolution
		Debug|Any CPU = Debug|Any CPU
		Release|Any CPU = Release|Any CPU
	EndGlobalSection
	GlobalSection(ProjectConfigurationPlatforms) = postSolution
		{4D8BA2D1-04AB-4A5B-932D-78395C90C1AC}.Debug|Any CPU.ActiveCfg = Debug|Any CPU
		{4D8BA2D1-04AB-4A5B-932D-78395C90C1AC}.Debug|Any CPU.Build.0 = Debug|Any CPU
		{4D8BA2D1-04AB-4A5B-932D-78395C90C1AC}.Release|Any CPU.ActiveCfg = Release|Any CPU
		{4D8BA2D1-04AB-4A5B-932D-78395C90C1AC}.Release|Any CPU.Build.0 = Release|Any CPU
	EndGlobalSection
	GlobalSection(SolutionProperties) = preSolution
		HideSolutionNode = FALSE
	EndGlobalSection
	GlobalSection(ExtensibilityGlobals) = postSolution
		SolutionGuid = {9DD5EDCB-E9B7-41BA-926E-11BF26B0373F}
	EndGlobalSection
EndGlobal
